
Microsoft Visual Studio Solution File, Format Version 12.00
# Visual Studio Version 17
VisualStudioVersion = 17.14.36414.22 d17.14
MinimumVisualStudioVersion = 10.0.40219.1
Project("{2150E333-8FDC-42A3-9474-1A3956D46DE8}") = "Task0", "Task0", "{369CB01D-A1A7-72D2-AABC-3F0945D148A2}"
EndProject
Project("{2150E333-8FDC-42A3-9474-1A3956D46DE8}") = "Task1", "Task1", "{02EA681E-C7D8-13C7-8484-4AC65E1B71E8}"
EndProject
Project("{2150E333-8FDC-42A3-9474-1A3956D46DE8}") = "Task2", "Task2", "{EF8E6E93-A6AB-4049-96BA-2279AB191925}"
EndProject
Project("{2150E333-8FDC-42A3-9474-1A3956D46DE8}") = "Task3", "Task3", "{B4B686F3-A143-4C3E-808B-870DB318840B}"
EndProject
Project("{2150E333-8FDC-42A3-9474-1A3956D46DE8}") = "Task4", "Task4", "{7AFBEBE2-CB58-4172-9026-986014FEDF3C}"
EndProject
Project("{2150E333-8FDC-42A3-9474-1A3956D46DE8}") = "Task5", "Task5", "{C60A2C41-B469-441D-A5F1-B932BEBAFBA9}"
EndProject
Project("{2150E333-8FDC-42A3-9474-1A3956D46DE8}") = "Task6", "Task6", "{8509D789-AEEA-4709-92D2-5A79CEC544F4}"
EndProject
Project("{2150E333-8FDC-42A3-9474-1A3956D46DE8}") = "Task7", "Task7", "{EB2C28C1-44DD-4642-89C6-C0EF40A1EF53}"
EndProject
Project("{FAE04EC0-301F-11D3-BF4B-00C04F79EFBC}") = "Tyuiu.ChirchenkoME.Sprint3.Task0.V25", "Tyuiu.ChirchenkoME.Sprint3.Task0.V25\Tyuiu.ChirchenkoME.Sprint3.Task0.V25.csproj", "{55863FF7-154B-43E4-992A-86FBDA497C7C}"
EndProject
Project("{FAE04EC0-301F-11D3-BF4B-00C04F79EFBC}") = "Tyuiu.ChirchenkoME.Sprint3.Task0.V25.Lib", "Tyuiu.ChirchenkoME.Sprint3.Task0.V25.Lib\Tyuiu.ChirchenkoME.Sprint3.Task0.V25.Lib.csproj", "{458764C8-CE31-4F03-BDB3-6A673503C5A9}"
EndProject
Project("{FAE04EC0-301F-11D3-BF4B-00C04F79EFBC}") = "Tyuiu.ChirchenkoME.Sprint3.Task0.V25.Test", "Tyuiu.ChirchenkoME.Sprint3.Task0.V25.Test\Tyuiu.ChirchenkoME.Sprint3.Task0.V25.Test.csproj", "{8F3FF2DC-D857-4F6D-8410-5FB0DAEB7198}"
EndProject
Project("{FAE04EC0-301F-11D3-BF4B-00C04F79EFBC}") = "Tyuiu.ChirchenkoME.Sprint3.Task1.V23", "Tyuiu.ChirchenkoME.Sprint3.Task1.V23\Tyuiu.ChirchenkoME.Sprint3.Task1.V23.csproj", "{4B8F4208-26D0-4A38-BC43-5D8EE536BA1B}"
EndProject
Project("{FAE04EC0-301F-11D3-BF4B-00C04F79EFBC}") = "Tyuiu.ChirchenkoME.Sprint3.Task1.V23.Lib", "Tyuiu.ChirchenkoME.Sprint3.Task1.V23.Lib\Tyuiu.ChirchenkoME.Sprint3.Task1.V23.Lib.csproj", "{420474EF-A539-49A2-A434-B69D66EAE5C8}"
EndProject
Project("{FAE04EC0-301F-11D3-BF4B-00C04F79EFBC}") = "Tyuiu.ChirchenkoME.Sprint3.Task1.V23.Test", "Tyuiu.ChirchenkoME.Sprint3.Task1.V23.Test\Tyuiu.ChirchenkoME.Sprint3.Task1.V23.Test.csproj", "{A6184C92-796C-4D3A-8DE9-EF44CE1969DD}"
EndProject
Project("{FAE04EC0-301F-11D3-BF4B-00C04F79EFBC}") = "Tyuiu.ChirchenkoME.Sprint3.Task2.V18", "Tyuiu.ChirchenkoME.Sprint3.Task2.V18\Tyuiu.ChirchenkoME.Sprint3.Task2.V18.csproj", "{A59915D8-1140-46BE-A593-8C0A0F7EDA74}"
EndProject
Project("{FAE04EC0-301F-11D3-BF4B-00C04F79EFBC}") = "Tyuiu.ChirchenkoME.Sprint3.Task2.V18.Lib", "Tyuiu.ChirchenkoME.Sprint3.Task2.V18.Lib\Tyuiu.ChirchenkoME.Sprint3.Task2.V18.Lib.csproj", "{2333A5AF-4BE5-45CF-AD03-96EFE8CFA82D}"
EndProject
Project("{FAE04EC0-301F-11D3-BF4B-00C04F79EFBC}") = "Tyuiu.ChirchenkoME.Sprint3.Task2.V18.Test", "Tyuiu.ChirchenkoME.Sprint3.Task2.V18.Test\Tyuiu.ChirchenkoME.Sprint3.Task2.V18.Test.csproj", "{F6E9A367-E4B8-4F8E-9454-A48B7B6E4A16}"
EndProject
Project("{FAE04EC0-301F-11D3-BF4B-00C04F79EFBC}") = "Tyuiu.ChirchenkoME.Sprint3.Task3.V7", "Tyuiu.ChirchenkoME.Sprint3.Task3.V7\Tyuiu.ChirchenkoME.Sprint3.Task3.V7.csproj", "{3E97DE55-00B8-4609-BD69-22C33CF5BFC4}"
EndProject
Project("{FAE04EC0-301F-11D3-BF4B-00C04F79EFBC}") = "Tyuiu.ChirchenkoME.Sprint3.Task3.V7.Lib", "Tyuiu.ChirchenkoME.Sprint3.Task3.V7.Lib\Tyuiu.ChirchenkoME.Sprint3.Task3.V7.Lib.csproj", "{D34B995E-84A0-4613-B29C-49FBB82C6F89}"
EndProject
Project("{FAE04EC0-301F-11D3-BF4B-00C04F79EFBC}") = "Tyuiu.ChirchenkoME.Sprint3.Task3.V7.Test", "Tyuiu.ChirchenkoME.Sprint3.Task3.V7.Test\Tyuiu.ChirchenkoME.Sprint3.Task3.V7.Test.csproj", "{8D493E97-9432-4E9E-8479-F606A64CBA41}"
EndProject
Project("{FAE04EC0-301F-11D3-BF4B-00C04F79EFBC}") = "Tyuiu.ChirchenkoME.Sprint3.Task4.V30", "Tyuiu.ChirchenkoME.Sprint3.Task4.V30\Tyuiu.ChirchenkoME.Sprint3.Task4.V30.csproj", "{C92944A2-0518-459C-96CD-826395BF571A}"
EndProject
Project("{FAE04EC0-301F-11D3-BF4B-00C04F79EFBC}") = "Tyuiu.ChirchenkoME.Sprint3.Task4.V30.Lib", "Tyuiu.ChirchenkoME.Sprint3.Task4.V30.Lib\Tyuiu.ChirchenkoME.Sprint3.Task4.V30.Lib.csproj", "{E135FF98-A8EF-4FF5-8581-95BEC69A4985}"
EndProject
Project("{FAE04EC0-301F-11D3-BF4B-00C04F79EFBC}") = "Tyuiu.ChirchenkoME.Sprint3.Task4.V30.Test", "Tyuiu.ChirchenkoME.Sprint3.Task4.V30.Test\Tyuiu.ChirchenkoME.Sprint3.Task4.V30.Test.csproj", "{3FE84A07-81C9-43AD-AA4F-879B8E400D1C}"
EndProject
Project("{FAE04EC0-301F-11D3-BF4B-00C04F79EFBC}") = "Tyuiu.ChirchenkoME.Sprint3.Task5.V25", "Tyuiu.ChirchenkoME.Sprint3.Task5.V25\Tyuiu.ChirchenkoME.Sprint3.Task5.V25.csproj", "{D5EF2119-53F8-4574-AFE1-0634FFE8EA35}"
EndProject
Project("{FAE04EC0-301F-11D3-BF4B-00C04F79EFBC}") = "Tyuiu.ChirchenkoME.Sprint3.Task5.V25.Lib", "Tyuiu.ChirchenkoME.Sprint3.Task5.V25.Lib\Tyuiu.ChirchenkoME.Sprint3.Task5.V25.Lib.csproj", "{2359A3FE-421E-4C51-9C5B-71B73EE2C3FA}"
EndProject
Project("{FAE04EC0-301F-11D3-BF4B-00C04F79EFBC}") = "Tyuiu.ChirchenkoME.Sprint3.Task5.V25.Test", "Tyuiu.ChirchenkoME.Sprint3.Task5.V25.Test\Tyuiu.ChirchenkoME.Sprint3.Task5.V25.Test.csproj", "{A55CB11E-0412-45FE-AB90-39265A3C9BB9}"
EndProject
Project("{FAE04EC0-301F-11D3-BF4B-00C04F79EFBC}") = "Tyuiu.ChirchenkoME.Sprint3.Task6.V1", "Tyuiu.ChirchenkoME.Sprint3.Task6.V1\Tyuiu.ChirchenkoME.Sprint3.Task6.V1.csproj", "{F8A75F07-CBBF-4A5E-91C8-2D283187948B}"
EndProject
Project("{FAE04EC0-301F-11D3-BF4B-00C04F79EFBC}") = "Tyuiu.ChirchenkoME.Sprint3.Task6.V1.Lib", "Tyuiu.ChirchenkoME.Sprint3.Task6.V1.Lib\Tyuiu.ChirchenkoME.Sprint3.Task6.V1.Lib.csproj", "{AD835E3E-8A07-4827-845C-C17A8F99D8EE}"
EndProject
Project("{FAE04EC0-301F-11D3-BF4B-00C04F79EFBC}") = "Tyuiu.ChirchenkoME.Sprint3.Task6.V1.Test", "Tyuiu.ChirchenkoME.Sprint3.Task6.V1.Test\Tyuiu.ChirchenkoME.Sprint3.Task6.V1.Test.csproj", "{B9A93ECA-1E22-4EB1-AA77-EFC48F189481}"
EndProject
Project("{FAE04EC0-301F-11D3-BF4B-00C04F79EFBC}") = "Tyuiu.ChirchenkoME.Sprint3.Task7.V18", "Tyuiu.ChirchenkoME.Sprint3.Task7.V18\Tyuiu.ChirchenkoME.Sprint3.Task7.V18.csproj", "{31CC566A-7BFF-411B-90AB-4EE1BA043B5D}"
EndProject
Project("{FAE04EC0-301F-11D3-BF4B-00C04F79EFBC}") = "Tyuiu.ChirchenkoME.Sprint3.Task7.V18.Lib", "Tyuiu.ChirchenkoME.Sprint3.Task7.V18.Lib\Tyuiu.ChirchenkoME.Sprint3.Task7.V18.Lib.csproj", "{F287F06D-60AD-43D2-AAEA-D3FED287BD75}"
EndProject
Project("{FAE04EC0-301F-11D3-BF4B-00C04F79EFBC}") = "Tyuiu.ChirchenkoME.Sprint3.Task7.V18.Test", "Tyuiu.ChirchenkoME.Sprint3.Task7.V18.Test\Tyuiu.ChirchenkoME.Sprint3.Task7.V18.Test.csproj", "{4CF052B7-CBA0-4EA8-9583-07083139390C}"
EndProject
Global
	GlobalSection(SolutionConfigurationPlatforms) = preSolution
		Debug|Any CPU = Debug|Any CPU
		Release|Any CPU = Release|Any CPU
	EndGlobalSection
	GlobalSection(ProjectConfigurationPlatforms) = postSolution
		{55863FF7-154B-43E4-992A-86FBDA497C7C}.Debug|Any CPU.ActiveCfg = Debug|Any CPU
		{55863FF7-154B-43E4-992A-86FBDA497C7C}.Debug|Any CPU.Build.0 = Debug|Any CPU
		{55863FF7-154B-43E4-992A-86FBDA497C7C}.Release|Any CPU.ActiveCfg = Release|Any CPU
		{55863FF7-154B-43E4-992A-86FBDA497C7C}.Release|Any CPU.Build.0 = Release|Any CPU
		{458764C8-CE31-4F03-BDB3-6A673503C5A9}.Debug|Any CPU.ActiveCfg = Debug|Any CPU
		{458764C8-CE31-4F03-BDB3-6A673503C5A9}.Debug|Any CPU.Build.0 = Debug|Any CPU
		{458764C8-CE31-4F03-BDB3-6A673503C5A9}.Release|Any CPU.ActiveCfg = Release|Any CPU
		{458764C8-CE31-4F03-BDB3-6A673503C5A9}.Release|Any CPU.Build.0 = Release|Any CPU
		{8F3FF2DC-D857-4F6D-8410-5FB0DAEB7198}.Debug|Any CPU.ActiveCfg = Debug|Any CPU
		{8F3FF2DC-D857-4F6D-8410-5FB0DAEB7198}.Debug|Any CPU.Build.0 = Debug|Any CPU
		{8F3FF2DC-D857-4F6D-8410-5FB0DAEB7198}.Release|Any CPU.ActiveCfg = Release|Any CPU
		{8F3FF2DC-D857-4F6D-8410-5FB0DAEB7198}.Release|Any CPU.Build.0 = Release|Any CPU
		{4B8F4208-26D0-4A38-BC43-5D8EE536BA1B}.Debug|Any CPU.ActiveCfg = Debug|Any CPU
		{4B8F4208-26D0-4A38-BC43-5D8EE536BA1B}.Debug|Any CPU.Build.0 = Debug|Any CPU
		{4B8F4208-26D0-4A38-BC43-5D8EE536BA1B}.Release|Any CPU.ActiveCfg = Release|Any CPU
		{4B8F4208-26D0-4A38-BC43-5D8EE536BA1B}.Release|Any CPU.Build.0 = Release|Any CPU
		{420474EF-A539-49A2-A434-B69D66EAE5C8}.Debug|Any CPU.ActiveCfg = Debug|Any CPU
		{420474EF-A539-49A2-A434-B69D66EAE5C8}.Debug|Any CPU.Build.0 = Debug|Any CPU
		{420474EF-A539-49A2-A434-B69D66EAE5C8}.Release|Any CPU.ActiveCfg = Release|Any CPU
		{420474EF-A539-49A2-A434-B69D66EAE5C8}.Release|Any CPU.Build.0 = Release|Any CPU
		{A6184C92-796C-4D3A-8DE9-EF44CE1969DD}.Debug|Any CPU.ActiveCfg = Debug|Any CPU
		{A6184C92-796C-4D3A-8DE9-EF44CE1969DD}.Debug|Any CPU.Build.0 = Debug|Any CPU
		{A6184C92-796C-4D3A-8DE9-EF44CE1969DD}.Release|Any CPU.ActiveCfg = Release|Any CPU
		{A6184C92-796C-4D3A-8DE9-EF44CE1969DD}.Release|Any CPU.Build.0 = Release|Any CPU
		{A59915D8-1140-46BE-A593-8C0A0F7EDA74}.Debug|Any CPU.ActiveCfg = Debug|Any CPU
		{A59915D8-1140-46BE-A593-8C0A0F7EDA74}.Debug|Any CPU.Build.0 = Debug|Any CPU
		{A59915D8-1140-46BE-A593-8C0A0F7EDA74}.Release|Any CPU.ActiveCfg = Release|Any CPU
		{A59915D8-1140-46BE-A593-8C0A0F7EDA74}.Release|Any CPU.Build.0 = Release|Any CPU
		{2333A5AF-4BE5-45CF-AD03-96EFE8CFA82D}.Debug|Any CPU.ActiveCfg = Debug|Any CPU
		{2333A5AF-4BE5-45CF-AD03-96EFE8CFA82D}.Debug|Any CPU.Build.0 = Debug|Any CPU
		{2333A5AF-4BE5-45CF-AD03-96EFE8CFA82D}.Release|Any CPU.ActiveCfg = Release|Any CPU
		{2333A5AF-4BE5-45CF-AD03-96EFE8CFA82D}.Release|Any CPU.Build.0 = Release|Any CPU
		{F6E9A367-E4B8-4F8E-9454-A48B7B6E4A16}.Debug|Any CPU.ActiveCfg = Debug|Any CPU
		{F6E9A367-E4B8-4F8E-9454-A48B7B6E4A16}.Debug|Any CPU.Build.0 = Debug|Any CPU
		{F6E9A367-E4B8-4F8E-9454-A48B7B6E4A16}.Release|Any CPU.ActiveCfg = Release|Any CPU
		{F6E9A367-E4B8-4F8E-9454-A48B7B6E4A16}.Release|Any CPU.Build.0 = Release|Any CPU
		{3E97DE55-00B8-4609-BD69-22C33CF5BFC4}.Debug|Any CPU.ActiveCfg = Debug|Any CPU
		{3E97DE55-00B8-4609-BD69-22C33CF5BFC4}.Debug|Any CPU.Build.0 = Debug|Any CPU
		{3E97DE55-00B8-4609-BD69-22C33CF5BFC4}.Release|Any CPU.ActiveCfg = Release|Any CPU
		{3E97DE55-00B8-4609-BD69-22C33CF5BFC4}.Release|Any CPU.Build.0 = Release|Any CPU
		{D34B995E-84A0-4613-B29C-49FBB82C6F89}.Debug|Any CPU.ActiveCfg = Debug|Any CPU
		{D34B995E-84A0-4613-B29C-49FBB82C6F89}.Debug|Any CPU.Build.0 = Debug|Any CPU
		{D34B995E-84A0-4613-B29C-49FBB82C6F89}.Release|Any CPU.ActiveCfg = Release|Any CPU
		{D34B995E-84A0-4613-B29C-49FBB82C6F89}.Release|Any CPU.Build.0 = Release|Any CPU
		{8D493E97-9432-4E9E-8479-F606A64CBA41}.Debug|Any CPU.ActiveCfg = Debug|Any CPU
		{8D493E97-9432-4E9E-8479-F606A64CBA41}.Debug|Any CPU.Build.0 = Debug|Any CPU
		{8D493E97-9432-4E9E-8479-F606A64CBA41}.Release|Any CPU.ActiveCfg = Release|Any CPU
		{8D493E97-9432-4E9E-8479-F606A64CBA41}.Release|Any CPU.Build.0 = Release|Any CPU
		{C92944A2-0518-459C-96CD-826395BF571A}.Debug|Any CPU.ActiveCfg = Debug|Any CPU
		{C92944A2-0518-459C-96CD-826395BF571A}.Debug|Any CPU.Build.0 = Debug|Any CPU
		{C92944A2-0518-459C-96CD-826395BF571A}.Release|Any CPU.ActiveCfg = Release|Any CPU
		{C92944A2-0518-459C-96CD-826395BF571A}.Release|Any CPU.Build.0 = Release|Any CPU
		{E135FF98-A8EF-4FF5-8581-95BEC69A4985}.Debug|Any CPU.ActiveCfg = Debug|Any CPU
		{E135FF98-A8EF-4FF5-8581-95BEC69A4985}.Debug|Any CPU.Build.0 = Debug|Any CPU
		{E135FF98-A8EF-4FF5-8581-95BEC69A4985}.Release|Any CPU.ActiveCfg = Release|Any CPU
		{E135FF98-A8EF-4FF5-8581-95BEC69A4985}.Release|Any CPU.Build.0 = Release|Any CPU
		{3FE84A07-81C9-43AD-AA4F-879B8E400D1C}.Debug|Any CPU.ActiveCfg = Debug|Any CPU
		{3FE84A07-81C9-43AD-AA4F-879B8E400D1C}.Debug|Any CPU.Build.0 = Debug|Any CPU
		{3FE84A07-81C9-43AD-AA4F-879B8E400D1C}.Release|Any CPU.ActiveCfg = Release|Any CPU
		{3FE84A07-81C9-43AD-AA4F-879B8E400D1C}.Release|Any CPU.Build.0 = Release|Any CPU
		{D5EF2119-53F8-4574-AFE1-0634FFE8EA35}.Debug|Any CPU.ActiveCfg = Debug|Any CPU
		{D5EF2119-53F8-4574-AFE1-0634FFE8EA35}.Debug|Any CPU.Build.0 = Debug|Any CPU
		{D5EF2119-53F8-4574-AFE1-0634FFE8EA35}.Release|Any CPU.ActiveCfg = Release|Any CPU
		{D5EF2119-53F8-4574-AFE1-0634FFE8EA35}.Release|Any CPU.Build.0 = Release|Any CPU
		{2359A3FE-421E-4C51-9C5B-71B73EE2C3FA}.Debug|Any CPU.ActiveCfg = Debug|Any CPU
		{2359A3FE-421E-4C51-9C5B-71B73EE2C3FA}.Debug|Any CPU.Build.0 = Debug|Any CPU
		{2359A3FE-421E-4C51-9C5B-71B73EE2C3FA}.Release|Any CPU.ActiveCfg = Release|Any CPU
		{2359A3FE-421E-4C51-9C5B-71B73EE2C3FA}.Release|Any CPU.Build.0 = Release|Any CPU
		{A55CB11E-0412-45FE-AB90-39265A3C9BB9}.Debug|Any CPU.ActiveCfg = Debug|Any CPU
		{A55CB11E-0412-45FE-AB90-39265A3C9BB9}.Debug|Any CPU.Build.0 = Debug|Any CPU
		{A55CB11E-0412-45FE-AB90-39265A3C9BB9}.Release|Any CPU.ActiveCfg = Release|Any CPU
		{A55CB11E-0412-45FE-AB90-39265A3C9BB9}.Release|Any CPU.Build.0 = Release|Any CPU
		{F8A75F07-CBBF-4A5E-91C8-2D283187948B}.Debug|Any CPU.ActiveCfg = Debug|Any CPU
		{F8A75F07-CBBF-4A5E-91C8-2D283187948B}.Debug|Any CPU.Build.0 = Debug|Any CPU
		{F8A75F07-CBBF-4A5E-91C8-2D283187948B}.Release|Any CPU.ActiveCfg = Release|Any CPU
		{F8A75F07-CBBF-4A5E-91C8-2D283187948B}.Release|Any CPU.Build.0 = Release|Any CPU
		{AD835E3E-8A07-4827-845C-C17A8F99D8EE}.Debug|Any CPU.ActiveCfg = Debug|Any CPU
		{AD835E3E-8A07-4827-845C-C17A8F99D8EE}.Debug|Any CPU.Build.0 = Debug|Any CPU
		{AD835E3E-8A07-4827-845C-C17A8F99D8EE}.Release|Any CPU.ActiveCfg = Release|Any CPU
		{AD835E3E-8A07-4827-845C-C17A8F99D8EE}.Release|Any CPU.Build.0 = Release|Any CPU
		{B9A93ECA-1E22-4EB1-AA77-EFC48F189481}.Debug|Any CPU.ActiveCfg = Debug|Any CPU
		{B9A93ECA-1E22-4EB1-AA77-EFC48F189481}.Debug|Any CPU.Build.0 = Debug|Any CPU
		{B9A93ECA-1E22-4EB1-AA77-EFC48F189481}.Release|Any CPU.ActiveCfg = Release|Any CPU
		{B9A93ECA-1E22-4EB1-AA77-EFC48F189481}.Release|Any CPU.Build.0 = Release|Any CPU
		{31CC566A-7BFF-411B-90AB-4EE1BA043B5D}.Debug|Any CPU.ActiveCfg = Debug|Any CPU
		{31CC566A-7BFF-411B-90AB-4EE1BA043B5D}.Debug|Any CPU.Build.0 = Debug|Any CPU
		{31CC566A-7BFF-411B-90AB-4EE1BA043B5D}.Release|Any CPU.ActiveCfg = Release|Any CPU
		{31CC566A-7BFF-411B-90AB-4EE1BA043B5D}.Release|Any CPU.Build.0 = Release|Any CPU
		{F287F06D-60AD-43D2-AAEA-D3FED287BD75}.Debug|Any CPU.ActiveCfg = Debug|Any CPU
		{F287F06D-60AD-43D2-AAEA-D3FED287BD75}.Debug|Any CPU.Build.0 = Debug|Any CPU
		{F287F06D-60AD-43D2-AAEA-D3FED287BD75}.Release|Any CPU.ActiveCfg = Release|Any CPU
		{F287F06D-60AD-43D2-AAEA-D3FED287BD75}.Release|Any CPU.Build.0 = Release|Any CPU
		{4CF052B7-CBA0-4EA8-9583-07083139390C}.Debug|Any CPU.ActiveCfg = Debug|Any CPU
		{4CF052B7-CBA0-4EA8-9583-07083139390C}.Debug|Any CPU.Build.0 = Debug|Any CPU
		{4CF052B7-CBA0-4EA8-9583-07083139390C}.Release|Any CPU.ActiveCfg = Release|Any CPU
		{4CF052B7-CBA0-4EA8-9583-07083139390C}.Release|Any CPU.Build.0 = Release|Any CPU
	EndGlobalSection
	GlobalSection(SolutionProperties) = preSolution
		HideSolutionNode = FALSE
	EndGlobalSection
	GlobalSection(NestedProjects) = preSolution
		{55863FF7-154B-43E4-992A-86FBDA497C7C} = {369CB01D-A1A7-72D2-AABC-3F0945D148A2}
		{458764C8-CE31-4F03-BDB3-6A673503C5A9} = {369CB01D-A1A7-72D2-AABC-3F0945D148A2}
		{8F3FF2DC-D857-4F6D-8410-5FB0DAEB7198} = {369CB01D-A1A7-72D2-AABC-3F0945D148A2}
		{4B8F4208-26D0-4A38-BC43-5D8EE536BA1B} = {02EA681E-C7D8-13C7-8484-4AC65E1B71E8}
		{420474EF-A539-49A2-A434-B69D66EAE5C8} = {02EA681E-C7D8-13C7-8484-4AC65E1B71E8}
		{A6184C92-796C-4D3A-8DE9-EF44CE1969DD} = {02EA681E-C7D8-13C7-8484-4AC65E1B71E8}
		{A59915D8-1140-46BE-A593-8C0A0F7EDA74} = {EF8E6E93-A6AB-4049-96BA-2279AB191925}
		{2333A5AF-4BE5-45CF-AD03-96EFE8CFA82D} = {EF8E6E93-A6AB-4049-96BA-2279AB191925}
		{F6E9A367-E4B8-4F8E-9454-A48B7B6E4A16} = {EF8E6E93-A6AB-4049-96BA-2279AB191925}
		{3E97DE55-00B8-4609-BD69-22C33CF5BFC4} = {B4B686F3-A143-4C3E-808B-870DB318840B}
		{D34B995E-84A0-4613-B29C-49FBB82C6F89} = {B4B686F3-A143-4C3E-808B-870DB318840B}
		{8D493E97-9432-4E9E-8479-F606A64CBA41} = {B4B686F3-A143-4C3E-808B-870DB318840B}
		{C92944A2-0518-459C-96CD-826395BF571A} = {7AFBEBE2-CB58-4172-9026-986014FEDF3C}
		{E135FF98-A8EF-4FF5-8581-95BEC69A4985} = {7AFBEBE2-CB58-4172-9026-986014FEDF3C}
		{3FE84A07-81C9-43AD-AA4F-879B8E400D1C} = {7AFBEBE2-CB58-4172-9026-986014FEDF3C}
		{D5EF2119-53F8-4574-AFE1-0634FFE8EA35} = {C60A2C41-B469-441D-A5F1-B932BEBAFBA9}
		{2359A3FE-421E-4C51-9C5B-71B73EE2C3FA} = {C60A2C41-B469-441D-A5F1-B932BEBAFBA9}
		{A55CB11E-0412-45FE-AB90-39265A3C9BB9} = {C60A2C41-B469-441D-A5F1-B932BEBAFBA9}
		{F8A75F07-CBBF-4A5E-91C8-2D283187948B} = {8509D789-AEEA-4709-92D2-5A79CEC544F4}
		{AD835E3E-8A07-4827-845C-C17A8F99D8EE} = {8509D789-AEEA-4709-92D2-5A79CEC544F4}
		{B9A93ECA-1E22-4EB1-AA77-EFC48F189481} = {8509D789-AEEA-4709-92D2-5A79CEC544F4}
		{31CC566A-7BFF-411B-90AB-4EE1BA043B5D} = {EB2C28C1-44DD-4642-89C6-C0EF40A1EF53}
		{F287F06D-60AD-43D2-AAEA-D3FED287BD75} = {EB2C28C1-44DD-4642-89C6-C0EF40A1EF53}
		{4CF052B7-CBA0-4EA8-9583-07083139390C} = {EB2C28C1-44DD-4642-89C6-C0EF40A1EF53}
	EndGlobalSection
	GlobalSection(ExtensibilityGlobals) = postSolution
		SolutionGuid = {E1CFE07F-609A-490F-95CF-223709F2A63B}
	EndGlobalSection
EndGlobal
