
Microsoft Visual Studio Solution File, Format Version 12.00
# Visual Studio Version 17
VisualStudioVersion = 17.14.36414.22 d17.14
MinimumVisualStudioVersion = 10.0.40219.1
Project("{2150E333-8FDC-42A3-9474-1A3956D46DE8}") = "Task0", "Task0", "{369CB01D-A1A7-72D2-AABC-3F0945D148A2}"
EndProject
Project("{2150E333-8FDC-42A3-9474-1A3956D46DE8}") = "Task1", "Task1", "{02EA681E-C7D8-13C7-8484-4AC65E1B71E8}"
EndProject
Project("{2150E333-8FDC-42A3-9474-1A3956D46DE8}") = "Task2", "Task2", "{EF8E6E93-A6AB-4049-96BA-2279AB191925}"
EndProject
Project("{2150E333-8FDC-42A3-9474-1A3956D46DE8}") = "Task3", "Task3", "{B4B686F3-A143-4C3E-808B-870DB318840B}"
EndProject
Project("{2150E333-8FDC-42A3-9474-1A3956D46DE8}") = "Task4", "Task4", "{7AFBEBE2-CB58-4172-9026-986014FEDF3C}"
EndProject
Project("{2150E333-8FDC-42A3-9474-1A3956D46DE8}") = "Task5", "Task5", "{C60A2C41-B469-441D-A5F1-B932BEBAFBA9}"
EndProject
Project("{2150E333-8FDC-42A3-9474-1A3956D46DE8}") = "Task6", "Task6", "{8509D789-AEEA-4709-92D2-5A79CEC544F4}"
EndProject
Project("{2150E333-8FDC-42A3-9474-1A3956D46DE8}") = "Task7", "Task7", "{EB2C28C1-44DD-4642-89C6-C0EF40A1EF53}"
EndProject
Project("{FAE04EC0-301F-11D3-BF4B-00C04F79EFBC}") = "Tyuiu.ChirchenkoME.Sprint3.Task0.V25", "Tyuiu.ChirchenkoME.Sprint3.Task0.V25\Tyuiu.ChirchenkoME.Sprint3.Task0.V25.csproj", "{55863FF7-154B-43E4-992A-86FBDA497C7C}"
EndProject
Project("{FAE04EC0-301F-11D3-BF4B-00C04F79EFBC}") = "Tyuiu.ChirchenkoME.Sprint3.Task0.V25.Lib", "Tyuiu.ChirchenkoME.Sprint3.Task0.V25.Lib\Tyuiu.ChirchenkoME.Sprint3.Task0.V25.Lib.csproj", "{458764C8-CE31-4F03-BDB3-6A673503C5A9}"
EndProject
Project("{FAE04EC0-301F-11D3-BF4B-00C04F79EFBC}") = "Tyuiu.ChirchenkoME.Sprint3.Task0.V25.Test", "Tyuiu.ChirchenkoME.Sprint3.Task0.V25.Test\Tyuiu.ChirchenkoME.Sprint3.Task0.V25.Test.csproj", "{8F3FF2DC-D857-4F6D-8410-5FB0DAEB7198}"
EndProject
Project("{FAE04EC0-301F-11D3-BF4B-00C04F79EFBC}") = "Tyuiu.ChirchenkoME.Sprint3.Task1.V23", "Tyuiu.ChirchenkoME.Sprint3.Task1.V23\Tyuiu.ChirchenkoME.Sprint3.Task1.V23.csproj", "{4B8F4208-26D0-4A38-BC43-5D8EE536BA1B}"
EndProject
Project("{FAE04EC0-301F-11D3-BF4B-00C04F79EFBC}") = "Tyuiu.ChirchenkoME.Sprint3.Task1.V23.Lib", "Tyuiu.ChirchenkoME.Sprint3.Task1.V23.Lib\Tyuiu.ChirchenkoME.Sprint3.Task1.V23.Lib.csproj", "{420474EF-A539-49A2-A434-B69D66EAE5C8}"
EndProject
Project("{FAE04EC0-301F-11D3-BF4B-00C04F79EFBC}") = "Tyuiu.ChirchenkoME.Sprint3.Task1.V23.Test", "Tyuiu.ChirchenkoME.Sprint3.Task1.V23.Test\Tyuiu.ChirchenkoME.Sprint3.Task1.V23.Test.csproj", "{A6184C92-796C-4D3A-8DE9-EF44CE1969DD}"
EndProject
Project("{FAE04EC0-301F-11D3-BF4B-00C04F79EFBC}") = "Tyuiu.ChirchenkoME.Sprint3.Task2.V18", "Tyuiu.ChirchenkoME.Sprint3.Task2.V18\Tyuiu.ChirchenkoME.Sprint3.Task2.V18.csproj", "{A59915D8-1140-46BE-A593-8C0A0F7EDA74}"
EndProject
Project("{FAE04EC0-301F-11D3-BF4B-00C04F79EFBC}") = "Tyuiu.ChirchenkoME.Sprint3.Task2.V18.Lib", "Tyuiu.ChirchenkoME.Sprint3.Task2.V18.Lib\Tyuiu.ChirchenkoME.Sprint3.Task2.V18.Lib.csproj", "{2333A5AF-4BE5-45CF-AD03-96EFE8CFA82D}"
EndProject
Project("{FAE04EC0-301F-11D3-BF4B-00C04F79EFBC}") = "Tyuiu.ChirchenkoME.Sprint3.Task2.V18.Test", "Tyuiu.ChirchenkoME.Sprint3.Task2.V18.Test\Tyuiu.ChirchenkoME.Sprint3.Task2.V18.Test.csproj", "{F6E9A367-E4B8-4F8E-9454-A48B7B6E4A16}"
EndProject
Global
	GlobalSection(SolutionConfigurationPlatforms) = preSolution
		Debug|Any CPU = Debug|Any CPU
		Release|Any CPU = Release|Any CPU
	EndGlobalSection
	GlobalSection(ProjectConfigurationPlatforms) = postSolution
		{55863FF7-154B-43E4-992A-86FBDA497C7C}.Debug|Any CPU.ActiveCfg = Debug|Any CPU
		{55863FF7-154B-43E4-992A-86FBDA497C7C}.Debug|Any CPU.Build.0 = Debug|Any CPU
		{55863FF7-154B-43E4-992A-86FBDA497C7C}.Release|Any CPU.ActiveCfg = Release|Any CPU
		{55863FF7-154B-43E4-992A-86FBDA497C7C}.Release|Any CPU.Build.0 = Release|Any CPU
		{458764C8-CE31-4F03-BDB3-6A673503C5A9}.Debug|Any CPU.ActiveCfg = Debug|Any CPU
		{458764C8-CE31-4F03-BDB3-6A673503C5A9}.Debug|Any CPU.Build.0 = Debug|Any CPU
		{458764C8-CE31-4F03-BDB3-6A673503C5A9}.Release|Any CPU.ActiveCfg = Release|Any CPU
		{458764C8-CE31-4F03-BDB3-6A673503C5A9}.Release|Any CPU.Build.0 = Release|Any CPU
		{8F3FF2DC-D857-4F6D-8410-5FB0DAEB7198}.Debug|Any CPU.ActiveCfg = Debug|Any CPU
		{8F3FF2DC-D857-4F6D-8410-5FB0DAEB7198}.Debug|Any CPU.Build.0 = Debug|Any CPU
		{8F3FF2DC-D857-4F6D-8410-5FB0DAEB7198}.Release|Any CPU.ActiveCfg = Release|Any CPU
		{8F3FF2DC-D857-4F6D-8410-5FB0DAEB7198}.Release|Any CPU.Build.0 = Release|Any CPU
		{4B8F4208-26D0-4A38-BC43-5D8EE536BA1B}.Debug|Any CPU.ActiveCfg = Debug|Any CPU
		{4B8F4208-26D0-4A38-BC43-5D8EE536BA1B}.Debug|Any CPU.Build.0 = Debug|Any CPU
		{4B8F4208-26D0-4A38-BC43-5D8EE536BA1B}.Release|Any CPU.ActiveCfg = Release|Any CPU
		{4B8F4208-26D0-4A38-BC43-5D8EE536BA1B}.Release|Any CPU.Build.0 = Release|Any CPU
		{420474EF-A539-49A2-A434-B69D66EAE5C8}.Debug|Any CPU.ActiveCfg = Debug|Any CPU
		{420474EF-A539-49A2-A434-B69D66EAE5C8}.Debug|Any CPU.Build.0 = Debug|Any CPU
		{420474EF-A539-49A2-A434-B69D66EAE5C8}.Release|Any CPU.ActiveCfg = Release|Any CPU
		{420474EF-A539-49A2-A434-B69D66EAE5C8}.Release|Any CPU.Build.0 = Release|Any CPU
		{A6184C92-796C-4D3A-8DE9-EF44CE1969DD}.Debug|Any CPU.ActiveCfg = Debug|Any CPU
		{A6184C92-796C-4D3A-8DE9-EF44CE1969DD}.Debug|Any CPU.Build.0 = Debug|Any CPU
		{A6184C92-796C-4D3A-8DE9-EF44CE1969DD}.Release|Any CPU.ActiveCfg = Release|Any CPU
		{A6184C92-796C-4D3A-8DE9-EF44CE1969DD}.Release|Any CPU.Build.0 = Release|Any CPU
		{A59915D8-1140-46BE-A593-8C0A0F7EDA74}.Debug|Any CPU.ActiveCfg = Debug|Any CPU
		{A59915D8-1140-46BE-A593-8C0A0F7EDA74}.Debug|Any CPU.Build.0 = Debug|Any CPU
		{A59915D8-1140-46BE-A593-8C0A0F7EDA74}.Release|Any CPU.ActiveCfg = Release|Any CPU
		{A59915D8-1140-46BE-A593-8C0A0F7EDA74}.Release|Any CPU.Build.0 = Release|Any CPU
		{2333A5AF-4BE5-45CF-AD03-96EFE8CFA82D}.Debug|Any CPU.ActiveCfg = Debug|Any CPU
		{2333A5AF-4BE5-45CF-AD03-96EFE8CFA82D}.Debug|Any CPU.Build.0 = Debug|Any CPU
		{2333A5AF-4BE5-45CF-AD03-96EFE8CFA82D}.Release|Any CPU.ActiveCfg = Release|Any CPU
		{2333A5AF-4BE5-45CF-AD03-96EFE8CFA82D}.Release|Any CPU.Build.0 = Release|Any CPU
		{F6E9A367-E4B8-4F8E-9454-A48B7B6E4A16}.Debug|Any CPU.ActiveCfg = Debug|Any CPU
		{F6E9A367-E4B8-4F8E-9454-A48B7B6E4A16}.Debug|Any CPU.Build.0 = Debug|Any CPU
		{F6E9A367-E4B8-4F8E-9454-A48B7B6E4A16}.Release|Any CPU.ActiveCfg = Release|Any CPU
		{F6E9A367-E4B8-4F8E-9454-A48B7B6E4A16}.Release|Any CPU.Build.0 = Release|Any CPU
	EndGlobalSection
	GlobalSection(SolutionProperties) = preSolution
		HideSolutionNode = FALSE
	EndGlobalSection
	GlobalSection(NestedProjects) = preSolution
		{55863FF7-154B-43E4-992A-86FBDA497C7C} = {369CB01D-A1A7-72D2-AABC-3F0945D148A2}
		{458764C8-CE31-4F03-BDB3-6A673503C5A9} = {369CB01D-A1A7-72D2-AABC-3F0945D148A2}
		{8F3FF2DC-D857-4F6D-8410-5FB0DAEB7198} = {369CB01D-A1A7-72D2-AABC-3F0945D148A2}
		{4B8F4208-26D0-4A38-BC43-5D8EE536BA1B} = {02EA681E-C7D8-13C7-8484-4AC65E1B71E8}
		{420474EF-A539-49A2-A434-B69D66EAE5C8} = {02EA681E-C7D8-13C7-8484-4AC65E1B71E8}
		{A6184C92-796C-4D3A-8DE9-EF44CE1969DD} = {02EA681E-C7D8-13C7-8484-4AC65E1B71E8}
		{A59915D8-1140-46BE-A593-8C0A0F7EDA74} = {EF8E6E93-A6AB-4049-96BA-2279AB191925}
		{2333A5AF-4BE5-45CF-AD03-96EFE8CFA82D} = {EF8E6E93-A6AB-4049-96BA-2279AB191925}
		{F6E9A367-E4B8-4F8E-9454-A48B7B6E4A16} = {EF8E6E93-A6AB-4049-96BA-2279AB191925}
	EndGlobalSection
	GlobalSection(ExtensibilityGlobals) = postSolution
		SolutionGuid = {E1CFE07F-609A-490F-95CF-223709F2A63B}
	EndGlobalSection
EndGlobal
